
Microsoft Visual Studio Solution File, Format Version 12.00
# Visual Studio Version 17
VisualStudioVersion = 17.4.33213.308
MinimumVisualStudioVersion = 10.0.40219.1
Project("{FAE04EC0-301F-11D3-BF4B-00C04F79EFBC}") = "Ytlookup", "Ytlookup\Ytlookup.csproj", "{35FC3E9C-8B39-42E2-B3F4-B3D7B24763CD}"
EndProject
Global
	GlobalSection(SolutionConfigurationPlatforms) = preSolution
		Debug|Any CPU = Debug|Any CPU
		Release|Any CPU = Release|Any CPU
	EndGlobalSection
	GlobalSection(ProjectConfigurationPlatforms) = postSolution
		{35FC3E9C-8B39-42E2-B3F4-B3D7B24763CD}.Debug|Any CPU.ActiveCfg = Debug|Any CPU
		{35FC3E9C-8B39-42E2-B3F4-B3D7B24763CD}.Debug|Any CPU.Build.0 = Debug|Any CPU
		{35FC3E9C-8B39-42E2-B3F4-B3D7B24763CD}.Release|Any CPU.ActiveCfg = Release|Any CPU
		{35FC3E9C-8B39-42E2-B3F4-B3D7B24763CD}.Release|Any CPU.Build.0 = Release|Any CPU
	EndGlobalSection
	GlobalSection(SolutionProperties) = preSolution
		HideSolutionNode = FALSE
	EndGlobalSection
	GlobalSection(ExtensibilityGlobals) = postSolution
		SolutionGuid = {EF12D70B-D033-4266-94AE-75C248BEB3B2}
	EndGlobalSection
EndGlobal
